
Microsoft Visual Studio Solution File, Format Version 12.00
# Visual Studio 15
VisualStudioVersion = 15.0.28307.1169
MinimumVisualStudioVersion = 10.0.40219.1
Project("{FAE04EC0-301F-11D3-BF4B-00C04F79EFBC}") = "StudentTimetableApp.Android", "StudentTimetableApp\StudentTimetableApp.Android\StudentTimetableApp.Android.csproj", "{2F095B1B-D034-49EF-8F34-CF205AAFF4FB}"
EndProject
Project("{FAE04EC0-301F-11D3-BF4B-00C04F79EFBC}") = "StudentTimetableApp.iOS", "StudentTimetableApp\StudentTimetableApp.iOS\StudentTimetableApp.iOS.csproj", "{CEF4510E-1A03-46DD-8E80-9D3F669FFC6C}"
EndProject
Project("{FAE04EC0-301F-11D3-BF4B-00C04F79EFBC}") = "StudentTimetableApp", "StudentTimetableApp\StudentTimetableApp\StudentTimetableApp.csproj", "{3094EDEA-7397-454A-8550-5E5A6681DFEC}"
EndProject
Global
	GlobalSection(SolutionConfigurationPlatforms) = preSolution
		Ad-Hoc|Any CPU = Ad-Hoc|Any CPU
		Ad-Hoc|iPhone = Ad-Hoc|iPhone
		Ad-Hoc|iPhoneSimulator = Ad-Hoc|iPhoneSimulator
		AppStore|Any CPU = AppStore|Any CPU
		AppStore|iPhone = AppStore|iPhone
		AppStore|iPhoneSimulator = AppStore|iPhoneSimulator
		Debug|Any CPU = Debug|Any CPU
		Debug|iPhone = Debug|iPhone
		Debug|iPhoneSimulator = Debug|iPhoneSimulator
		Release|Any CPU = Release|Any CPU
		Release|iPhone = Release|iPhone
		Release|iPhoneSimulator = Release|iPhoneSimulator
	EndGlobalSection
	GlobalSection(ProjectConfigurationPlatforms) = postSolution
		{2F095B1B-D034-49EF-8F34-CF205AAFF4FB}.Ad-Hoc|Any CPU.ActiveCfg = Release|Any CPU
		{2F095B1B-D034-49EF-8F34-CF205AAFF4FB}.Ad-Hoc|Any CPU.Build.0 = Release|Any CPU
		{2F095B1B-D034-49EF-8F34-CF205AAFF4FB}.Ad-Hoc|Any CPU.Deploy.0 = Release|Any CPU
		{2F095B1B-D034-49EF-8F34-CF205AAFF4FB}.Ad-Hoc|iPhone.ActiveCfg = Release|Any CPU
		{2F095B1B-D034-49EF-8F34-CF205AAFF4FB}.Ad-Hoc|iPhone.Build.0 = Release|Any CPU
		{2F095B1B-D034-49EF-8F34-CF205AAFF4FB}.Ad-Hoc|iPhone.Deploy.0 = Release|Any CPU
		{2F095B1B-D034-49EF-8F34-CF205AAFF4FB}.Ad-Hoc|iPhoneSimulator.ActiveCfg = Release|Any CPU
		{2F095B1B-D034-49EF-8F34-CF205AAFF4FB}.Ad-Hoc|iPhoneSimulator.Build.0 = Release|Any CPU
		{2F095B1B-D034-49EF-8F34-CF205AAFF4FB}.Ad-Hoc|iPhoneSimulator.Deploy.0 = Release|Any CPU
		{2F095B1B-D034-49EF-8F34-CF205AAFF4FB}.AppStore|Any CPU.ActiveCfg = Release|Any CPU
		{2F095B1B-D034-49EF-8F34-CF205AAFF4FB}.AppStore|Any CPU.Build.0 = Release|Any CPU
		{2F095B1B-D034-49EF-8F34-CF205AAFF4FB}.AppStore|Any CPU.Deploy.0 = Release|Any CPU
		{2F095B1B-D034-49EF-8F34-CF205AAFF4FB}.AppStore|iPhone.ActiveCfg = Release|Any CPU
		{2F095B1B-D034-49EF-8F34-CF205AAFF4FB}.AppStore|iPhone.Build.0 = Release|Any CPU
		{2F095B1B-D034-49EF-8F34-CF205AAFF4FB}.AppStore|iPhone.Deploy.0 = Release|Any CPU
		{2F095B1B-D034-49EF-8F34-CF205AAFF4FB}.AppStore|iPhoneSimulator.ActiveCfg = Release|Any CPU
		{2F095B1B-D034-49EF-8F34-CF205AAFF4FB}.AppStore|iPhoneSimulator.Build.0 = Release|Any CPU
		{2F095B1B-D034-49EF-8F34-CF205AAFF4FB}.AppStore|iPhoneSimulator.Deploy.0 = Release|Any CPU
		{2F095B1B-D034-49EF-8F34-CF205AAFF4FB}.Debug|Any CPU.ActiveCfg = Debug|Any CPU
		{2F095B1B-D034-49EF-8F34-CF205AAFF4FB}.Debug|Any CPU.Build.0 = Debug|Any CPU
		{2F095B1B-D034-49EF-8F34-CF205AAFF4FB}.Debug|Any CPU.Deploy.0 = Debug|Any CPU
		{2F095B1B-D034-49EF-8F34-CF205AAFF4FB}.Debug|iPhone.ActiveCfg = Debug|Any CPU
		{2F095B1B-D034-49EF-8F34-CF205AAFF4FB}.Debug|iPhone.Build.0 = Debug|Any CPU
		{2F095B1B-D034-49EF-8F34-CF205AAFF4FB}.Debug|iPhone.Deploy.0 = Debug|Any CPU
		{2F095B1B-D034-49EF-8F34-CF205AAFF4FB}.Debug|iPhoneSimulator.ActiveCfg = Debug|Any CPU
		{2F095B1B-D034-49EF-8F34-CF205AAFF4FB}.Debug|iPhoneSimulator.Build.0 = Debug|Any CPU
		{2F095B1B-D034-49EF-8F34-CF205AAFF4FB}.Debug|iPhoneSimulator.Deploy.0 = Debug|Any CPU
		{2F095B1B-D034-49EF-8F34-CF205AAFF4FB}.Release|Any CPU.ActiveCfg = Release|Any CPU
		{2F095B1B-D034-49EF-8F34-CF205AAFF4FB}.Release|Any CPU.Build.0 = Release|Any CPU
		{2F095B1B-D034-49EF-8F34-CF205AAFF4FB}.Release|Any CPU.Deploy.0 = Release|Any CPU
		{2F095B1B-D034-49EF-8F34-CF205AAFF4FB}.Release|iPhone.ActiveCfg = Release|Any CPU
		{2F095B1B-D034-49EF-8F34-CF205AAFF4FB}.Release|iPhone.Build.0 = Release|Any CPU
		{2F095B1B-D034-49EF-8F34-CF205AAFF4FB}.Release|iPhone.Deploy.0 = Release|Any CPU
		{2F095B1B-D034-49EF-8F34-CF205AAFF4FB}.Release|iPhoneSimulator.ActiveCfg = Release|Any CPU
		{2F095B1B-D034-49EF-8F34-CF205AAFF4FB}.Release|iPhoneSimulator.Build.0 = Release|Any CPU
		{2F095B1B-D034-49EF-8F34-CF205AAFF4FB}.Release|iPhoneSimulator.Deploy.0 = Release|Any CPU
		{CEF4510E-1A03-46DD-8E80-9D3F669FFC6C}.Ad-Hoc|Any CPU.ActiveCfg = Ad-Hoc|iPhone
		{CEF4510E-1A03-46DD-8E80-9D3F669FFC6C}.Ad-Hoc|Any CPU.Build.0 = Ad-Hoc|iPhone
		{CEF4510E-1A03-46DD-8E80-9D3F669FFC6C}.Ad-Hoc|Any CPU.Deploy.0 = Ad-Hoc|iPhone
		{CEF4510E-1A03-46DD-8E80-9D3F669FFC6C}.Ad-Hoc|iPhone.ActiveCfg = Ad-Hoc|iPhone
		{CEF4510E-1A03-46DD-8E80-9D3F669FFC6C}.Ad-Hoc|iPhone.Build.0 = Ad-Hoc|iPhone
		{CEF4510E-1A03-46DD-8E80-9D3F669FFC6C}.Ad-Hoc|iPhone.Deploy.0 = Ad-Hoc|iPhone
		{CEF4510E-1A03-46DD-8E80-9D3F669FFC6C}.Ad-Hoc|iPhoneSimulator.ActiveCfg = Ad-Hoc|iPhoneSimulator
		{CEF4510E-1A03-46DD-8E80-9D3F669FFC6C}.Ad-Hoc|iPhoneSimulator.Build.0 = Ad-Hoc|iPhoneSimulator
		{CEF4510E-1A03-46DD-8E80-9D3F669FFC6C}.Ad-Hoc|iPhoneSimulator.Deploy.0 = Ad-Hoc|iPhoneSimulator
		{CEF4510E-1A03-46DD-8E80-9D3F669FFC6C}.AppStore|Any CPU.ActiveCfg = AppStore|iPhone
		{CEF4510E-1A03-46DD-8E80-9D3F669FFC6C}.AppStore|Any CPU.Build.0 = AppStore|iPhone
		{CEF4510E-1A03-46DD-8E80-9D3F669FFC6C}.AppStore|Any CPU.Deploy.0 = AppStore|iPhone
		{CEF4510E-1A03-46DD-8E80-9D3F669FFC6C}.AppStore|iPhone.ActiveCfg = AppStore|iPhone
		{CEF4510E-1A03-46DD-8E80-9D3F669FFC6C}.AppStore|iPhone.Build.0 = AppStore|iPhone
		{CEF4510E-1A03-46DD-8E80-9D3F669FFC6C}.AppStore|iPhone.Deploy.0 = AppStore|iPhone
		{CEF4510E-1A03-46DD-8E80-9D3F669FFC6C}.AppStore|iPhoneSimulator.ActiveCfg = AppStore|iPhoneSimulator
		{CEF4510E-1A03-46DD-8E80-9D3F669FFC6C}.AppStore|iPhoneSimulator.Build.0 = AppStore|iPhoneSimulator
		{CEF4510E-1A03-46DD-8E80-9D3F669FFC6C}.AppStore|iPhoneSimulator.Deploy.0 = AppStore|iPhoneSimulator
		{CEF4510E-1A03-46DD-8E80-9D3F669FFC6C}.Debug|Any CPU.ActiveCfg = Debug|iPhoneSimulator
		{CEF4510E-1A03-46DD-8E80-9D3F669FFC6C}.Debug|Any CPU.Build.0 = Debug|iPhoneSimulator
		{CEF4510E-1A03-46DD-8E80-9D3F669FFC6C}.Debug|Any CPU.Deploy.0 = Debug|iPhoneSimulator
		{CEF4510E-1A03-46DD-8E80-9D3F669FFC6C}.Debug|iPhone.ActiveCfg = Debug|iPhone
		{CEF4510E-1A03-46DD-8E80-9D3F669FFC6C}.Debug|iPhone.Build.0 = Debug|iPhone
		{CEF4510E-1A03-46DD-8E80-9D3F669FFC6C}.Debug|iPhone.Deploy.0 = Debug|iPhone
		{CEF4510E-1A03-46DD-8E80-9D3F669FFC6C}.Debug|iPhoneSimulator.ActiveCfg = Debug|iPhoneSimulator
		{CEF4510E-1A03-46DD-8E80-9D3F669FFC6C}.Debug|iPhoneSimulator.Build.0 = Debug|iPhoneSimulator
		{CEF4510E-1A03-46DD-8E80-9D3F669FFC6C}.Debug|iPhoneSimulator.Deploy.0 = Debug|iPhoneSimulator
		{CEF4510E-1A03-46DD-8E80-9D3F669FFC6C}.Release|Any CPU.ActiveCfg = Release|iPhone
		{CEF4510E-1A03-46DD-8E80-9D3F669FFC6C}.Release|Any CPU.Build.0 = Release|iPhone
		{CEF4510E-1A03-46DD-8E80-9D3F669FFC6C}.Release|Any CPU.Deploy.0 = Release|iPhone
		{CEF4510E-1A03-46DD-8E80-9D3F669FFC6C}.Release|iPhone.ActiveCfg = Release|iPhone
		{CEF4510E-1A03-46DD-8E80-9D3F669FFC6C}.Release|iPhone.Build.0 = Release|iPhone
		{CEF4510E-1A03-46DD-8E80-9D3F669FFC6C}.Release|iPhone.Deploy.0 = Release|iPhone
		{CEF4510E-1A03-46DD-8E80-9D3F669FFC6C}.Release|iPhoneSimulator.ActiveCfg = Release|iPhoneSimulator
		{CEF4510E-1A03-46DD-8E80-9D3F669FFC6C}.Release|iPhoneSimulator.Build.0 = Release|iPhoneSimulator
		{CEF4510E-1A03-46DD-8E80-9D3F669FFC6C}.Release|iPhoneSimulator.Deploy.0 = Release|iPhoneSimulator
		{3094EDEA-7397-454A-8550-5E5A6681DFEC}.Ad-Hoc|Any CPU.ActiveCfg = Debug|Any CPU
		{3094EDEA-7397-454A-8550-5E5A6681DFEC}.Ad-Hoc|Any CPU.Build.0 = Debug|Any CPU
		{3094EDEA-7397-454A-8550-5E5A6681DFEC}.Ad-Hoc|Any CPU.Deploy.0 = Debug|Any CPU
		{3094EDEA-7397-454A-8550-5E5A6681DFEC}.Ad-Hoc|iPhone.ActiveCfg = Debug|Any CPU
		{3094EDEA-7397-454A-8550-5E5A6681DFEC}.Ad-Hoc|iPhone.Build.0 = Debug|Any CPU
		{3094EDEA-7397-454A-8550-5E5A6681DFEC}.Ad-Hoc|iPhone.Deploy.0 = Debug|Any CPU
		{3094EDEA-7397-454A-8550-5E5A6681DFEC}.Ad-Hoc|iPhoneSimulator.ActiveCfg = Debug|Any CPU
		{3094EDEA-7397-454A-8550-5E5A6681DFEC}.Ad-Hoc|iPhoneSimulator.Build.0 = Debug|Any CPU
		{3094EDEA-7397-454A-8550-5E5A6681DFEC}.Ad-Hoc|iPhoneSimulator.Deploy.0 = Debug|Any CPU
		{3094EDEA-7397-454A-8550-5E5A6681DFEC}.AppStore|Any CPU.ActiveCfg = Debug|Any CPU
		{3094EDEA-7397-454A-8550-5E5A6681DFEC}.AppStore|Any CPU.Build.0 = Debug|Any CPU
		{3094EDEA-7397-454A-8550-5E5A6681DFEC}.AppStore|Any CPU.Deploy.0 = Debug|Any CPU
		{3094EDEA-7397-454A-8550-5E5A6681DFEC}.AppStore|iPhone.ActiveCfg = Debug|Any CPU
		{3094EDEA-7397-454A-8550-5E5A6681DFEC}.AppStore|iPhone.Build.0 = Debug|Any CPU
		{3094EDEA-7397-454A-8550-5E5A6681DFEC}.AppStore|iPhone.Deploy.0 = Debug|Any CPU
		{3094EDEA-7397-454A-8550-5E5A6681DFEC}.AppStore|iPhoneSimulator.ActiveCfg = Debug|Any CPU
		{3094EDEA-7397-454A-8550-5E5A6681DFEC}.AppStore|iPhoneSimulator.Build.0 = Debug|Any CPU
		{3094EDEA-7397-454A-8550-5E5A6681DFEC}.AppStore|iPhoneSimulator.Deploy.0 = Debug|Any CPU
		{3094EDEA-7397-454A-8550-5E5A6681DFEC}.Debug|Any CPU.ActiveCfg = Debug|Any CPU
		{3094EDEA-7397-454A-8550-5E5A6681DFEC}.Debug|Any CPU.Build.0 = Debug|Any CPU
		{3094EDEA-7397-454A-8550-5E5A6681DFEC}.Debug|Any CPU.Deploy.0 = Debug|Any CPU
		{3094EDEA-7397-454A-8550-5E5A6681DFEC}.Debug|iPhone.ActiveCfg = Debug|Any CPU
		{3094EDEA-7397-454A-8550-5E5A6681DFEC}.Debug|iPhone.Build.0 = Debug|Any CPU
		{3094EDEA-7397-454A-8550-5E5A6681DFEC}.Debug|iPhone.Deploy.0 = Debug|Any CPU
		{3094EDEA-7397-454A-8550-5E5A6681DFEC}.Debug|iPhoneSimulator.ActiveCfg = Debug|Any CPU
		{3094EDEA-7397-454A-8550-5E5A6681DFEC}.Debug|iPhoneSimulator.Build.0 = Debug|Any CPU
		{3094EDEA-7397-454A-8550-5E5A6681DFEC}.Debug|iPhoneSimulator.Deploy.0 = Debug|Any CPU
		{3094EDEA-7397-454A-8550-5E5A6681DFEC}.Release|Any CPU.ActiveCfg = Release|Any CPU
		{3094EDEA-7397-454A-8550-5E5A6681DFEC}.Release|Any CPU.Build.0 = Release|Any CPU
		{3094EDEA-7397-454A-8550-5E5A6681DFEC}.Release|Any CPU.Deploy.0 = Release|Any CPU
		{3094EDEA-7397-454A-8550-5E5A6681DFEC}.Release|iPhone.ActiveCfg = Release|Any CPU
		{3094EDEA-7397-454A-8550-5E5A6681DFEC}.Release|iPhone.Build.0 = Release|Any CPU
		{3094EDEA-7397-454A-8550-5E5A6681DFEC}.Release|iPhone.Deploy.0 = Release|Any CPU
		{3094EDEA-7397-454A-8550-5E5A6681DFEC}.Release|iPhoneSimulator.ActiveCfg = Release|Any CPU
		{3094EDEA-7397-454A-8550-5E5A6681DFEC}.Release|iPhoneSimulator.Build.0 = Release|Any CPU
		{3094EDEA-7397-454A-8550-5E5A6681DFEC}.Release|iPhoneSimulator.Deploy.0 = Release|Any CPU
	EndGlobalSection
	GlobalSection(SolutionProperties) = preSolution
		HideSolutionNode = FALSE
	EndGlobalSection
	GlobalSection(ExtensibilityGlobals) = postSolution
		SolutionGuid = {7E945EA8-E720-473F-A18E-1D931729806E}
	EndGlobalSection
EndGlobal
